{
  "name": "yashkhou-verify",
  "version": "0.1.0",
  "lockfileVersion": 3,
  "requires": true,
  "packages": {
    "": {
      "name": "yashkhou-verify",
      "version": "0.1.0",
      "workspaces": [
        "packages/*"
      ],
      "engines": {
        "node": ">=20"
      }
    },
    "node_modules/@yashkhou/action-guard": {
      "resolved": "packages/action-guard",
      "link": true
    },
    "node_modules/@yashkhou/artifact-verify": {
      "resolved": "packages/artifact-verify",
      "link": true
    },
    "node_modules/@yashkhou/repo-verify": {
      "resolved": "packages/repo-verify",
      "link": true
    },
    "packages/action-guard": {
      "name": "@yashkhou/action-guard",
      "version": "0.1.0",
      "license": "MIT",
      "bin": {
        "action-guard": "src/cli.mjs"
      },
      "engines": {
        "node": ">=20"
      }
    },
    "packages/agent-transactions": {
      "name": "@proofstack/agent-transactions",
      "version": "0.1.0",
      "extraneous": true,
      "license": "MIT",
      "bin": {
        "agenttx": "src/cli.mjs"
      },
      "engines": {
        "node": ">=20"
      }
    },
    "packages/artifact-verify": {
      "name": "@yashkhou/artifact-verify",
      "version": "0.1.0",
      "license": "MIT",
      "dependencies": {
        "adm-zip": "^0.6.1"
      },
      "bin": {
        "artifact-verify": "src/cli.mjs"
      },
      "engines": {
        "node": ">=20"
      }
    },
    "packages/artifact-verify/node_modules/adm-zip": {
      "version": "0.6.1",
      "resolved": "https://registry.npmjs.org/adm-zip/-/adm-zip-0.6.1.tgz",
      "integrity": "sha512-Xwrja8nx9e5o2N1my4DsKCeKpdrnACyr1wtbPxBDgGzKzKyE9kRtBFA8mWldI+RVlD7CBZNWY/wQ2+ydwOR6kQ==",
      "license": "MIT",
      "engines": {
        "node": ">=14.0"
      }
    },
    "packages/artifactci": {
      "name": "@proofstack/artifactci",
      "version": "0.1.0",
      "extraneous": true,
      "license": "MIT",
      "dependencies": {
        "adm-zip": "^0.5.16"
      },
      "bin": {
        "artifactci": "src/cli.mjs"
      },
      "engines": {
        "node": ">=20"
      }
    },
    "packages/proofgate": {
      "name": "@proofstack/proofgate",
      "version": "0.1.0",
      "extraneous": true,
      "license": "MIT",
      "bin": {
        "proofgate": "src/cli.mjs"
      },
      "engines": {
        "node": ">=20"
      }
    },
    "packages/repo-verify": {
      "name": "@yashkhou/repo-verify",
      "version": "0.1.0",
      "license": "MIT",
      "bin": {
        "repo-verify": "src/cli.mjs"
      },
      "engines": {
        "node": ">=20"
      }
    }
  }
}
